
Microsoft Visual Studio Solution File, Format Version 12.00
# Visual Studio Version 16
VisualStudioVersion = 16.0.33927.289
MinimumVisualStudioVersion = 10.0.40219.1
Project("{2150E333-8FDC-42A3-9474-1A3956D46DE8}") = "Task0", "Task0", "{DEC7C5E7-0380-41CD-811E-7E05F5D5DB62}"
EndProject
Project("{FAE04EC0-301F-11D3-BF4B-00C04F79EFBC}") = "Tyuiu.KolchakovDR.Sprint1.Task0.V26", "Tyuiu.KolchakovDR.Sprint1.Task0.V26\Tyuiu.KolchakovDR.Sprint1.Task0.V26.csproj", "{CCBD774A-32D2-4AAF-A890-94B741B12CE5}"
EndProject
Project("{FAE04EC0-301F-11D3-BF4B-00C04F79EFBC}") = "Tyuiu.KolchakovDR.Sprint1.Task0.V26.Lib", "Tyuiu.KolchakovDR.Sprint1.Task0.V26.Lib\Tyuiu.KolchakovDR.Sprint1.Task0.V26.Lib.csproj", "{379FBE4F-B995-42DF-AB71-85DEE8DEE22D}"
EndProject
Project("{FAE04EC0-301F-11D3-BF4B-00C04F79EFBC}") = "Tyuiu.KolchakovDR.Sprint1.Task0.V26.Test", "Tyuiu.KolchakovDR.Sprint1.Task0.V26.Test\Tyuiu.KolchakovDR.Sprint1.Task0.V26.Test.csproj", "{5BA8FF45-6435-499C-8016-47FD7853699C}"
EndProject
Project("{2150E333-8FDC-42A3-9474-1A3956D46DE8}") = "Task1", "Task1", "{D0AFDE4B-F519-409C-AFED-963CA53A12A3}"
EndProject
Project("{FAE04EC0-301F-11D3-BF4B-00C04F79EFBC}") = "Tyuiu.KolchakovDR.Sprint1.Task1.V4", "Tyuiu.KolchakovDR.Sprint1.Task1.V4\Tyuiu.KolchakovDR.Sprint1.Task1.V4.csproj", "{712ADFB3-DA24-4697-B9BB-0B8339B5C805}"
EndProject
Project("{FAE04EC0-301F-11D3-BF4B-00C04F79EFBC}") = "Tyuiu.KolchakovDR.Sprint1.Task1.V4.Lib", "Tyuiu.KolchakovDR.Sprint1.Task1.V4.Lib\Tyuiu.KolchakovDR.Sprint1.Task1.V4.Lib.csproj", "{E96B3DE3-E817-49B0-B579-5968FC16BFFC}"
EndProject
Project("{FAE04EC0-301F-11D3-BF4B-00C04F79EFBC}") = "Tyuiu.KolchakovDR.Sprint1.Task1.V4.Test", "Tyuiu.KolchakovDR.Sprint1.Task1.V4.Test\Tyuiu.KolchakovDR.Sprint1.Task1.V4.Test.csproj", "{A753F484-22DA-44B5-BA2E-A0817969CD52}"
EndProject
Project("{2150E333-8FDC-42A3-9474-1A3956D46DE8}") = "Task2", "Task2", "{2BF3CA0F-01E9-4214-8528-3D0CA65F82D6}"
EndProject
Project("{FAE04EC0-301F-11D3-BF4B-00C04F79EFBC}") = "Tyuiu.KolchakovDR.Sprint1.Task2.V1", "Tyuiu.KolchakovDR.Sprint1.Task2.V1\Tyuiu.KolchakovDR.Sprint1.Task2.V1.csproj", "{DA7057C4-E2F4-4503-9218-363A9FAFA5F0}"
EndProject
Project("{FAE04EC0-301F-11D3-BF4B-00C04F79EFBC}") = "Tyuiu.KolchakovDR.Sprint1.Task2.V1.Lib", "Tyuiu.KolchakovDR.Sprint1.Task2.V1.Lib\Tyuiu.KolchakovDR.Sprint1.Task2.V1.Lib.csproj", "{74593675-3E80-4E35-BC00-6FD0893AC820}"
EndProject
Project("{FAE04EC0-301F-11D3-BF4B-00C04F79EFBC}") = "Tyuiu.KolchakovDR.Sprint1.Task2.V1.Test", "Tyuiu.KolchakovDR.Sprint1.Task2.V1.Test\Tyuiu.KolchakovDR.Sprint1.Task2.V1.Test.csproj", "{9F08770E-DDA9-4483-BEFF-33C45536CA9B}"
EndProject
Project("{2150E333-8FDC-42A3-9474-1A3956D46DE8}") = "Task3", "Task3", "{2A3E234D-8C9B-46CB-BDF8-83DF42970169}"
EndProject
Project("{FAE04EC0-301F-11D3-BF4B-00C04F79EFBC}") = "Tyuiu.KolchakovDR.Sprint1.Task3.V7", "Tyuiu.KolchakovDR.Sprint1.Task3.V7\Tyuiu.KolchakovDR.Sprint1.Task3.V7.csproj", "{299BAAAA-F72F-4BBE-A189-65814F855936}"
EndProject
Project("{FAE04EC0-301F-11D3-BF4B-00C04F79EFBC}") = "Tyuiu.KolchakovDR.Sprint1.Task3.V7.Lib", "Tyuiu.KolchakovDR.Sprint1.Task3.V7.Lib\Tyuiu.KolchakovDR.Sprint1.Task3.V7.Lib.csproj", "{4538E810-9EFF-430E-A011-B10F1956842F}"
EndProject
Project("{FAE04EC0-301F-11D3-BF4B-00C04F79EFBC}") = "Tyuiu.KolchakovDR.Sprint1.Task3.V7.Test", "Tyuiu.KolchakovDR.Sprint1.Task3.V7.Test\Tyuiu.KolchakovDR.Sprint1.Task3.V7.Test.csproj", "{0AFFDAEF-F285-4AAD-B4A1-CF629A66C1CC}"
EndProject
Project("{2150E333-8FDC-42A3-9474-1A3956D46DE8}") = "Task4", "Task4", "{83C6DEDA-D3FF-4937-93C4-0A1A1D4CE60B}"
EndProject
Project("{FAE04EC0-301F-11D3-BF4B-00C04F79EFBC}") = "Tyuiu.KolchakovDR.Sprint1.Task4.V23", "Tyuiu.KolchakovDR.Sprint1.Task4.V23\Tyuiu.KolchakovDR.Sprint1.Task4.V23.csproj", "{2A3D3511-2EAA-4C2C-B155-4250D98516D4}"
EndProject
Project("{FAE04EC0-301F-11D3-BF4B-00C04F79EFBC}") = "Tyuiu.KolchakovDR.Sprint1.Task4.V23.Lib", "Tyuiu.KolchakovDR.Sprint1.Task4.V23.Lib\Tyuiu.KolchakovDR.Sprint1.Task4.V23.Lib.csproj", "{366454EF-ED10-42B2-AB8A-68786B36099F}"
EndProject
Project("{FAE04EC0-301F-11D3-BF4B-00C04F79EFBC}") = "Tyuiu.KolchakovDR.Sprint1.Task4.V23.Test", "Tyuiu.KolchakovDR.Sprint1.Task4.V23.Test\Tyuiu.KolchakovDR.Sprint1.Task4.V23.Test.csproj", "{EA097160-E847-4BDC-8361-8519738647C2}"
EndProject
Project("{2150E333-8FDC-42A3-9474-1A3956D46DE8}") = "Task5", "Task5", "{BFE9EA74-D8FD-4142-9DA3-A724C557DE65}"
EndProject
Project("{FAE04EC0-301F-11D3-BF4B-00C04F79EFBC}") = "Tyuiu.KolchakovDR.Sprint1.Task5.V3", "Tyuiu.KolchakovDR.Sprint1.Task5.V3\Tyuiu.KolchakovDR.Sprint1.Task5.V3.csproj", "{F9DC78D5-4304-4619-AE40-9E366819F7EF}"
EndProject
Project("{FAE04EC0-301F-11D3-BF4B-00C04F79EFBC}") = "Tyuiu.KolchakovDR.Sprint1.Task5.V3.Lib", "Tyuiu.KolchakovDR.Sprint1.Task5.V3.Lib\Tyuiu.KolchakovDR.Sprint1.Task5.V3.Lib.csproj", "{64BEB93A-4473-4F9D-B7C8-C0ECE2058EF8}"
EndProject
Project("{FAE04EC0-301F-11D3-BF4B-00C04F79EFBC}") = "Tyuiu.KolchakovDR.Sprint1.Task5.V3.Test", "Tyuiu.KolchakovDR.Sprint1.Task5.V3.Test\Tyuiu.KolchakovDR.Sprint1.Task5.V3.Test.csproj", "{16D3F047-DF3E-4DFB-AA01-5BAB8AA10182}"
EndProject
Project("{FAE04EC0-301F-11D3-BF4B-00C04F79EFBC}") = "TaskHeaderGenerator", "TaskHeaderGenerator\TaskHeaderGenerator.csproj", "{A250A81A-7420-4281-B7BE-D47CEB1B7CF1}"
EndProject
Project("{2150E333-8FDC-42A3-9474-1A3956D46DE8}") = "Task6", "Task6", "{F611865F-5EEC-4BB9-B8A4-FB3384306A44}"
EndProject
Project("{FAE04EC0-301F-11D3-BF4B-00C04F79EFBC}") = "Tyuiu.KolchakovDR.Sprint1.Task6.V16", "Tyuiu.KolchakovDR.Sprint1.Task6.V16\Tyuiu.KolchakovDR.Sprint1.Task6.V16.csproj", "{CEF8971B-A56D-4442-854B-DCC9470BC2E9}"
EndProject
Project("{FAE04EC0-301F-11D3-BF4B-00C04F79EFBC}") = "Tyuiu.KolchakovDR.Sprint1.Task6.V16.Lib", "Tyuiu.KolchakovDR.Sprint1.Task6.V16.Lib\Tyuiu.KolchakovDR.Sprint1.Task6.V16.Lib.csproj", "{0918F696-2B47-482E-9BF8-71B0DEF6C921}"
EndProject
Project("{FAE04EC0-301F-11D3-BF4B-00C04F79EFBC}") = "Tyuiu.KolchakovDR.Sprint1.Task6.V16.Test", "Tyuiu.KolchakovDR.Sprint1.Task6.V16.Test\Tyuiu.KolchakovDR.Sprint1.Task6.V16.Test.csproj", "{F71ADAD6-31F2-4FDD-A39D-44A4013B7312}"
EndProject
Project("{2150E333-8FDC-42A3-9474-1A3956D46DE8}") = "Task7", "Task7", "{555B67EE-E2D0-4457-8A2B-78E62491715C}"
EndProject
Project("{FAE04EC0-301F-11D3-BF4B-00C04F79EFBC}") = "Tyuiu.KolchakovDR.Sprint1.Task7.V27", "Tyuiu.KolchakovDR.Sprint1.Task7.V27\Tyuiu.KolchakovDR.Sprint1.Task7.V27.csproj", "{D724209C-DD4D-4312-AB3D-39CB53DF5B73}"
EndProject
Project("{FAE04EC0-301F-11D3-BF4B-00C04F79EFBC}") = "Tyuiu.KolchakovDR.Sprint1.Task7.V27.Lib", "Tyuiu.KolchakovDR.Sprint1.Task7.V27.Lib\Tyuiu.KolchakovDR.Sprint1.Task7.V27.Lib.csproj", "{E0D15FBD-B594-4C49-9B91-02F655962A02}"
EndProject
Project("{FAE04EC0-301F-11D3-BF4B-00C04F79EFBC}") = "Tyuiu.KolchakovDR.Sprint1.Task7.V27.Test", "Tyuiu.KolchakovDR.Sprint1.Task7.V27.Test\Tyuiu.KolchakovDR.Sprint1.Task7.V27.Test.csproj", "{B425A9C7-A3B4-4E9C-92B6-A74BE6FEC18E}"
EndProject
Global
	GlobalSection(SolutionConfigurationPlatforms) = preSolution
		Debug|Any CPU = Debug|Any CPU
		Release|Any CPU = Release|Any CPU
	EndGlobalSection
	GlobalSection(ProjectConfigurationPlatforms) = postSolution
		{CCBD774A-32D2-4AAF-A890-94B741B12CE5}.Debug|Any CPU.ActiveCfg = Debug|Any CPU
		{CCBD774A-32D2-4AAF-A890-94B741B12CE5}.Debug|Any CPU.Build.0 = Debug|Any CPU
		{CCBD774A-32D2-4AAF-A890-94B741B12CE5}.Release|Any CPU.ActiveCfg = Release|Any CPU
		{CCBD774A-32D2-4AAF-A890-94B741B12CE5}.Release|Any CPU.Build.0 = Release|Any CPU
		{379FBE4F-B995-42DF-AB71-85DEE8DEE22D}.Debug|Any CPU.ActiveCfg = Debug|Any CPU
		{379FBE4F-B995-42DF-AB71-85DEE8DEE22D}.Debug|Any CPU.Build.0 = Debug|Any CPU
		{379FBE4F-B995-42DF-AB71-85DEE8DEE22D}.Release|Any CPU.ActiveCfg = Release|Any CPU
		{379FBE4F-B995-42DF-AB71-85DEE8DEE22D}.Release|Any CPU.Build.0 = Release|Any CPU
		{5BA8FF45-6435-499C-8016-47FD7853699C}.Debug|Any CPU.ActiveCfg = Debug|Any CPU
		{5BA8FF45-6435-499C-8016-47FD7853699C}.Debug|Any CPU.Build.0 = Debug|Any CPU
		{5BA8FF45-6435-499C-8016-47FD7853699C}.Release|Any CPU.ActiveCfg = Release|Any CPU
		{5BA8FF45-6435-499C-8016-47FD7853699C}.Release|Any CPU.Build.0 = Release|Any CPU
		{712ADFB3-DA24-4697-B9BB-0B8339B5C805}.Debug|Any CPU.ActiveCfg = Debug|Any CPU
		{712ADFB3-DA24-4697-B9BB-0B8339B5C805}.Debug|Any CPU.Build.0 = Debug|Any CPU
		{712ADFB3-DA24-4697-B9BB-0B8339B5C805}.Release|Any CPU.ActiveCfg = Release|Any CPU
		{712ADFB3-DA24-4697-B9BB-0B8339B5C805}.Release|Any CPU.Build.0 = Release|Any CPU
		{E96B3DE3-E817-49B0-B579-5968FC16BFFC}.Debug|Any CPU.ActiveCfg = Debug|Any CPU
		{E96B3DE3-E817-49B0-B579-5968FC16BFFC}.Debug|Any CPU.Build.0 = Debug|Any CPU
		{E96B3DE3-E817-49B0-B579-5968FC16BFFC}.Release|Any CPU.ActiveCfg = Release|Any CPU
		{E96B3DE3-E817-49B0-B579-5968FC16BFFC}.Release|Any CPU.Build.0 = Release|Any CPU
		{A753F484-22DA-44B5-BA2E-A0817969CD52}.Debug|Any CPU.ActiveCfg = Debug|Any CPU
		{A753F484-22DA-44B5-BA2E-A0817969CD52}.Debug|Any CPU.Build.0 = Debug|Any CPU
		{A753F484-22DA-44B5-BA2E-A0817969CD52}.Release|Any CPU.ActiveCfg = Release|Any CPU
		{A753F484-22DA-44B5-BA2E-A0817969CD52}.Release|Any CPU.Build.0 = Release|Any CPU
		{DA7057C4-E2F4-4503-9218-363A9FAFA5F0}.Debug|Any CPU.ActiveCfg = Debug|Any CPU
		{DA7057C4-E2F4-4503-9218-363A9FAFA5F0}.Debug|Any CPU.Build.0 = Debug|Any CPU
		{DA7057C4-E2F4-4503-9218-363A9FAFA5F0}.Release|Any CPU.ActiveCfg = Release|Any CPU
		{DA7057C4-E2F4-4503-9218-363A9FAFA5F0}.Release|Any CPU.Build.0 = Release|Any CPU
		{74593675-3E80-4E35-BC00-6FD0893AC820}.Debug|Any CPU.ActiveCfg = Debug|Any CPU
		{74593675-3E80-4E35-BC00-6FD0893AC820}.Debug|Any CPU.Build.0 = Debug|Any CPU
		{74593675-3E80-4E35-BC00-6FD0893AC820}.Release|Any CPU.ActiveCfg = Release|Any CPU
		{74593675-3E80-4E35-BC00-6FD0893AC820}.Release|Any CPU.Build.0 = Release|Any CPU
		{9F08770E-DDA9-4483-BEFF-33C45536CA9B}.Debug|Any CPU.ActiveCfg = Debug|Any CPU
		{9F08770E-DDA9-4483-BEFF-33C45536CA9B}.Debug|Any CPU.Build.0 = Debug|Any CPU
		{9F08770E-DDA9-4483-BEFF-33C45536CA9B}.Release|Any CPU.ActiveCfg = Release|Any CPU
		{9F08770E-DDA9-4483-BEFF-33C45536CA9B}.Release|Any CPU.Build.0 = Release|Any CPU
		{299BAAAA-F72F-4BBE-A189-65814F855936}.Debug|Any CPU.ActiveCfg = Debug|Any CPU
		{299BAAAA-F72F-4BBE-A189-65814F855936}.Debug|Any CPU.Build.0 = Debug|Any CPU
		{299BAAAA-F72F-4BBE-A189-65814F855936}.Release|Any CPU.ActiveCfg = Release|Any CPU
		{299BAAAA-F72F-4BBE-A189-65814F855936}.Release|Any CPU.Build.0 = Release|Any CPU
		{4538E810-9EFF-430E-A011-B10F1956842F}.Debug|Any CPU.ActiveCfg = Debug|Any CPU
		{4538E810-9EFF-430E-A011-B10F1956842F}.Debug|Any CPU.Build.0 = Debug|Any CPU
		{4538E810-9EFF-430E-A011-B10F1956842F}.Release|Any CPU.ActiveCfg = Release|Any CPU
		{4538E810-9EFF-430E-A011-B10F1956842F}.Release|Any CPU.Build.0 = Release|Any CPU
		{0AFFDAEF-F285-4AAD-B4A1-CF629A66C1CC}.Debug|Any CPU.ActiveCfg = Debug|Any CPU
		{0AFFDAEF-F285-4AAD-B4A1-CF629A66C1CC}.Debug|Any CPU.Build.0 = Debug|Any CPU
		{0AFFDAEF-F285-4AAD-B4A1-CF629A66C1CC}.Release|Any CPU.ActiveCfg = Release|Any CPU
		{0AFFDAEF-F285-4AAD-B4A1-CF629A66C1CC}.Release|Any CPU.Build.0 = Release|Any CPU
		{2A3D3511-2EAA-4C2C-B155-4250D98516D4}.Debug|Any CPU.ActiveCfg = Debug|Any CPU
		{2A3D3511-2EAA-4C2C-B155-4250D98516D4}.Debug|Any CPU.Build.0 = Debug|Any CPU
		{2A3D3511-2EAA-4C2C-B155-4250D98516D4}.Release|Any CPU.ActiveCfg = Release|Any CPU
		{2A3D3511-2EAA-4C2C-B155-4250D98516D4}.Release|Any CPU.Build.0 = Release|Any CPU
		{366454EF-ED10-42B2-AB8A-68786B36099F}.Debug|Any CPU.ActiveCfg = Debug|Any CPU
		{366454EF-ED10-42B2-AB8A-68786B36099F}.Debug|Any CPU.Build.0 = Debug|Any CPU
		{366454EF-ED10-42B2-AB8A-68786B36099F}.Release|Any CPU.ActiveCfg = Release|Any CPU
		{366454EF-ED10-42B2-AB8A-68786B36099F}.Release|Any CPU.Build.0 = Release|Any CPU
		{EA097160-E847-4BDC-8361-8519738647C2}.Debug|Any CPU.ActiveCfg = Debug|Any CPU
		{EA097160-E847-4BDC-8361-8519738647C2}.Debug|Any CPU.Build.0 = Debug|Any CPU
		{EA097160-E847-4BDC-8361-8519738647C2}.Release|Any CPU.ActiveCfg = Release|Any CPU
		{EA097160-E847-4BDC-8361-8519738647C2}.Release|Any CPU.Build.0 = Release|Any CPU
		{F9DC78D5-4304-4619-AE40-9E366819F7EF}.Debug|Any CPU.ActiveCfg = Debug|Any CPU
		{F9DC78D5-4304-4619-AE40-9E366819F7EF}.Debug|Any CPU.Build.0 = Debug|Any CPU
		{F9DC78D5-4304-4619-AE40-9E366819F7EF}.Release|Any CPU.ActiveCfg = Release|Any CPU
		{F9DC78D5-4304-4619-AE40-9E366819F7EF}.Release|Any CPU.Build.0 = Release|Any CPU
		{64BEB93A-4473-4F9D-B7C8-C0ECE2058EF8}.Debug|Any CPU.ActiveCfg = Debug|Any CPU
		{64BEB93A-4473-4F9D-B7C8-C0ECE2058EF8}.Debug|Any CPU.Build.0 = Debug|Any CPU
		{64BEB93A-4473-4F9D-B7C8-C0ECE2058EF8}.Release|Any CPU.ActiveCfg = Release|Any CPU
		{64BEB93A-4473-4F9D-B7C8-C0ECE2058EF8}.Release|Any CPU.Build.0 = Release|Any CPU
		{16D3F047-DF3E-4DFB-AA01-5BAB8AA10182}.Debug|Any CPU.ActiveCfg = Debug|Any CPU
		{16D3F047-DF3E-4DFB-AA01-5BAB8AA10182}.Debug|Any CPU.Build.0 = Debug|Any CPU
		{16D3F047-DF3E-4DFB-AA01-5BAB8AA10182}.Release|Any CPU.ActiveCfg = Release|Any CPU
		{16D3F047-DF3E-4DFB-AA01-5BAB8AA10182}.Release|Any CPU.Build.0 = Release|Any CPU
		{A250A81A-7420-4281-B7BE-D47CEB1B7CF1}.Debug|Any CPU.ActiveCfg = Debug|Any CPU
		{A250A81A-7420-4281-B7BE-D47CEB1B7CF1}.Debug|Any CPU.Build.0 = Debug|Any CPU
		{A250A81A-7420-4281-B7BE-D47CEB1B7CF1}.Release|Any CPU.ActiveCfg = Release|Any CPU
		{A250A81A-7420-4281-B7BE-D47CEB1B7CF1}.Release|Any CPU.Build.0 = Release|Any CPU
		{CEF8971B-A56D-4442-854B-DCC9470BC2E9}.Debug|Any CPU.ActiveCfg = Debug|Any CPU
		{CEF8971B-A56D-4442-854B-DCC9470BC2E9}.Debug|Any CPU.Build.0 = Debug|Any CPU
		{CEF8971B-A56D-4442-854B-DCC9470BC2E9}.Release|Any CPU.ActiveCfg = Release|Any CPU
		{CEF8971B-A56D-4442-854B-DCC9470BC2E9}.Release|Any CPU.Build.0 = Release|Any CPU
		{0918F696-2B47-482E-9BF8-71B0DEF6C921}.Debug|Any CPU.ActiveCfg = Debug|Any CPU
		{0918F696-2B47-482E-9BF8-71B0DEF6C921}.Debug|Any CPU.Build.0 = Debug|Any CPU
		{0918F696-2B47-482E-9BF8-71B0DEF6C921}.Release|Any CPU.ActiveCfg = Release|Any CPU
		{0918F696-2B47-482E-9BF8-71B0DEF6C921}.Release|Any CPU.Build.0 = Release|Any CPU
		{F71ADAD6-31F2-4FDD-A39D-44A4013B7312}.Debug|Any CPU.ActiveCfg = Debug|Any CPU
		{F71ADAD6-31F2-4FDD-A39D-44A4013B7312}.Debug|Any CPU.Build.0 = Debug|Any CPU
		{F71ADAD6-31F2-4FDD-A39D-44A4013B7312}.Release|Any CPU.ActiveCfg = Release|Any CPU
		{F71ADAD6-31F2-4FDD-A39D-44A4013B7312}.Release|Any CPU.Build.0 = Release|Any CPU
		{D724209C-DD4D-4312-AB3D-39CB53DF5B73}.Debug|Any CPU.ActiveCfg = Debug|Any CPU
		{D724209C-DD4D-4312-AB3D-39CB53DF5B73}.Debug|Any CPU.Build.0 = Debug|Any CPU
		{D724209C-DD4D-4312-AB3D-39CB53DF5B73}.Release|Any CPU.ActiveCfg = Release|Any CPU
		{D724209C-DD4D-4312-AB3D-39CB53DF5B73}.Release|Any CPU.Build.0 = Release|Any CPU
		{E0D15FBD-B594-4C49-9B91-02F655962A02}.Debug|Any CPU.ActiveCfg = Debug|Any CPU
		{E0D15FBD-B594-4C49-9B91-02F655962A02}.Debug|Any CPU.Build.0 = Debug|Any CPU
		{E0D15FBD-B594-4C49-9B91-02F655962A02}.Release|Any CPU.ActiveCfg = Release|Any CPU
		{E0D15FBD-B594-4C49-9B91-02F655962A02}.Release|Any CPU.Build.0 = Release|Any CPU
		{B425A9C7-A3B4-4E9C-92B6-A74BE6FEC18E}.Debug|Any CPU.ActiveCfg = Debug|Any CPU
		{B425A9C7-A3B4-4E9C-92B6-A74BE6FEC18E}.Debug|Any CPU.Build.0 = Debug|Any CPU
		{B425A9C7-A3B4-4E9C-92B6-A74BE6FEC18E}.Release|Any CPU.ActiveCfg = Release|Any CPU
		{B425A9C7-A3B4-4E9C-92B6-A74BE6FEC18E}.Release|Any CPU.Build.0 = Release|Any CPU
	EndGlobalSection
	GlobalSection(SolutionProperties) = preSolution
		HideSolutionNode = FALSE
	EndGlobalSection
	GlobalSection(NestedProjects) = preSolution
		{CCBD774A-32D2-4AAF-A890-94B741B12CE5} = {DEC7C5E7-0380-41CD-811E-7E05F5D5DB62}
		{379FBE4F-B995-42DF-AB71-85DEE8DEE22D} = {DEC7C5E7-0380-41CD-811E-7E05F5D5DB62}
		{5BA8FF45-6435-499C-8016-47FD7853699C} = {DEC7C5E7-0380-41CD-811E-7E05F5D5DB62}
		{712ADFB3-DA24-4697-B9BB-0B8339B5C805} = {D0AFDE4B-F519-409C-AFED-963CA53A12A3}
		{E96B3DE3-E817-49B0-B579-5968FC16BFFC} = {D0AFDE4B-F519-409C-AFED-963CA53A12A3}
		{A753F484-22DA-44B5-BA2E-A0817969CD52} = {D0AFDE4B-F519-409C-AFED-963CA53A12A3}
		{DA7057C4-E2F4-4503-9218-363A9FAFA5F0} = {2BF3CA0F-01E9-4214-8528-3D0CA65F82D6}
		{74593675-3E80-4E35-BC00-6FD0893AC820} = {2BF3CA0F-01E9-4214-8528-3D0CA65F82D6}
		{9F08770E-DDA9-4483-BEFF-33C45536CA9B} = {2BF3CA0F-01E9-4214-8528-3D0CA65F82D6}
		{299BAAAA-F72F-4BBE-A189-65814F855936} = {2A3E234D-8C9B-46CB-BDF8-83DF42970169}
		{4538E810-9EFF-430E-A011-B10F1956842F} = {2A3E234D-8C9B-46CB-BDF8-83DF42970169}
		{0AFFDAEF-F285-4AAD-B4A1-CF629A66C1CC} = {2A3E234D-8C9B-46CB-BDF8-83DF42970169}
		{2A3D3511-2EAA-4C2C-B155-4250D98516D4} = {83C6DEDA-D3FF-4937-93C4-0A1A1D4CE60B}
		{366454EF-ED10-42B2-AB8A-68786B36099F} = {83C6DEDA-D3FF-4937-93C4-0A1A1D4CE60B}
		{EA097160-E847-4BDC-8361-8519738647C2} = {83C6DEDA-D3FF-4937-93C4-0A1A1D4CE60B}
		{F9DC78D5-4304-4619-AE40-9E366819F7EF} = {BFE9EA74-D8FD-4142-9DA3-A724C557DE65}
		{64BEB93A-4473-4F9D-B7C8-C0ECE2058EF8} = {BFE9EA74-D8FD-4142-9DA3-A724C557DE65}
		{16D3F047-DF3E-4DFB-AA01-5BAB8AA10182} = {BFE9EA74-D8FD-4142-9DA3-A724C557DE65}
		{CEF8971B-A56D-4442-854B-DCC9470BC2E9} = {F611865F-5EEC-4BB9-B8A4-FB3384306A44}
		{0918F696-2B47-482E-9BF8-71B0DEF6C921} = {F611865F-5EEC-4BB9-B8A4-FB3384306A44}
		{F71ADAD6-31F2-4FDD-A39D-44A4013B7312} = {F611865F-5EEC-4BB9-B8A4-FB3384306A44}
		{D724209C-DD4D-4312-AB3D-39CB53DF5B73} = {555B67EE-E2D0-4457-8A2B-78E62491715C}
		{E0D15FBD-B594-4C49-9B91-02F655962A02} = {555B67EE-E2D0-4457-8A2B-78E62491715C}
		{B425A9C7-A3B4-4E9C-92B6-A74BE6FEC18E} = {555B67EE-E2D0-4457-8A2B-78E62491715C}
	EndGlobalSection
	GlobalSection(ExtensibilityGlobals) = postSolution
		SolutionGuid = {A26D722E-9B31-425E-B3D7-1DE7B5B516D7}
	EndGlobalSection
EndGlobal
